
Microsoft Visual Studio Solution File, Format Version 12.00
# Visual Studio Version 17
VisualStudioVersion = 17.8.34330.188
MinimumVisualStudioVersion = 10.0.40219.1
Project("{FAE04EC0-301F-11D3-BF4B-00C04F79EFBC}") = "ConcentusLowBitrate", "ConcentusLowBitrate.csproj", "{EA8C7621-6469-4739-B9AE-9E9435FD4905}"
EndProject
Global
	GlobalSection(SolutionConfigurationPlatforms) = preSolution
		Debug|Any CPU = Debug|Any CPU
		Release|Any CPU = Release|Any CPU
	EndGlobalSection
	GlobalSection(ProjectConfigurationPlatforms) = postSolution
		{EA8C7621-6469-4739-B9AE-9E9435FD4905}.Debug|Any CPU.ActiveCfg = Debug|Any CPU
		{EA8C7621-6469-4739-B9AE-9E9435FD4905}.Debug|Any CPU.Build.0 = Debug|Any CPU
		{EA8C7621-6469-4739-B9AE-9E9435FD4905}.Release|Any CPU.ActiveCfg = Release|Any CPU
		{EA8C7621-6469-4739-B9AE-9E9435FD4905}.Release|Any CPU.Build.0 = Release|Any CPU
	EndGlobalSection
	GlobalSection(SolutionProperties) = preSolution
		HideSolutionNode = FALSE
	EndGlobalSection
	GlobalSection(ExtensibilityGlobals) = postSolution
		SolutionGuid = {446DCEC9-7385-491B-9AAF-D6C683FF5DDF}
	EndGlobalSection
EndGlobal
